// !$*UTF8*$!
{
	archiveVersion = 1;
	classes = {
	};
	objectVersion = 46;
	objects = {

/* Begin PBXBuildFile section */
		4BB335881CA03DA4008EC0DC /* main.m in Sources */ = {isa = PBXBuildFile; fileRef = 4BB335871CA03DA4008EC0DC /* main.m */; };
		4BB3358B1CA03DA4008EC0DC /* AppDelegate.m in Sources */ = {isa = PBXBuildFile; fileRef = 4BB3358A1CA03DA4008EC0DC /* AppDelegate.m */; };
		4BB335911CA03DA4008EC0DC /* Main.storyboard in Resources */ = {isa = PBXBuildFile; fileRef = 4BB3358F1CA03DA4008EC0DC /* Main.storyboard */; };
		4BB335931CA03DA4008EC0DC /* Assets.xcassets in Resources */ = {isa = PBXBuildFile; fileRef = 4BB335921CA03DA4008EC0DC /* Assets.xcassets */; };
		4BB335961CA03DA4008EC0DC /* LaunchScreen.storyboard in Resources */ = {isa = PBXBuildFile; fileRef = 4BB335941CA03DA4008EC0DC /* LaunchScreen.storyboard */; };
		4BB3359F1CA03DD6008EC0DC /* MenuViewController.m in Sources */ = {isa = PBXBuildFile; fileRef = 4BB3359E1CA03DD6008EC0DC /* MenuViewController.m */; };
		4BB335A21CA03E60008EC0DC /* GameViewController.m in Sources */ = {isa = PBXBuildFile; fileRef = 4BB335A11CA03E60008EC0DC /* GameViewController.m */; };
/* End PBXBuildFile section */

/* Begin PBXFileReference section */
		4BB335831CA03DA4008EC0DC /* GameNew.app */ = {isa = PBXFileReference; explicitFileType = wrapper.application; includeInIndex = 0; path = GameNew.app; sourceTree = BUILT_PRODUCTS_DIR; };
		4BB335871CA03DA4008EC0DC /* main.m */ = {isa = PBXFileReference; lastKnownFileType = sourcecode.c.objc; path = main.m; sourceTree = "<group>"; };
		4BB335891CA03DA4008EC0DC /* AppDelegate.h */ = {isa = PBXFileReference; lastKnownFileType = sourcecode.c.h; path = AppDelegate.h; sourceTree = "<group>"; };
		4BB3358A1CA03DA4008EC0DC /* AppDelegate.m */ = {isa = PBXFileReference; lastKnownFileType = sourcecode.c.objc; path = AppDelegate.m; sourceTree = "<group>"; };
		4BB335901CA03DA4008EC0DC /* Base */ = {isa = PBXFileReference; lastKnownFileType = file.storyboard; name = Base; path = Base.lproj/Main.storyboard; sourceTree = "<group>"; };
		4BB335921CA03DA4008EC0DC /* Assets.xcassets */ = {isa = PBXFileReference; lastKnownFileType = folder.assetcatalog; path = Assets.xcassets; sourceTree = "<group>"; };
		4BB335951CA03DA4008EC0DC /* Base */ = {isa = PBXFileReference; lastKnownFileType = file.storyboard; name = Base; path = Base.lproj/LaunchScreen.storyboard; sourceTree = "<group>"; };
		4BB335971CA03DA4008EC0DC /* Info.plist */ = {isa = PBXFileReference; lastKnownFileType = text.plist.xml; path = Info.plist; sourceTree = "<group>"; };
		4BB3359D1CA03DD6008EC0DC /* MenuViewController.h */ = {isa = PBXFileReference; fileEncoding = 4; lastKnownFileType = sourcecode.c.h; path = MenuViewController.h; sourceTree = "<group>"; };
		4BB3359E1CA03DD6008EC0DC /* MenuViewController.m */ = {isa = PBXFileReference; fileEncoding = 4; lastKnownFileType = sourcecode.c.objc; path = MenuViewController.m; sourceTree = "<group>"; };
		4BB335A01CA03E60008EC0DC /* GameViewController.h */ = {isa = PBXFileReference; fileEncoding = 4; lastKnownFileType = sourcecode.c.h; path = GameViewController.h; sourceTree = "<group>"; };
		4BB335A11CA03E60008EC0DC /* GameViewController.m */ = {isa = PBXFileReference; fileEncoding = 4; lastKnownFileType = sourcecode.c.objc; path = GameViewController.m; sourceTree = "<group>"; };
/* End PBXFileReference section */

/* Begin PBXFrameworksBuildPhase section */
		4BB335801CA03DA4008EC0DC /* Frameworks */ = {
			isa = PBXFrameworksBuildPhase;
			buildActionMask = 2147483647;
			files = (
			);
			runOnlyForDeploymentPostprocessing = 0;
		};
/* End PBXFrameworksBuildPhase section */

/* Begin PBXGroup section */
		4BB3357A1CA03DA4008EC0DC = {
			isa = PBXGroup;
			children = (
				4BB335851CA03DA4008EC0DC /* GameNew */,
				4BB335841CA03DA4008EC0DC /* Products */,
			);
			sourceTree = "<group>";
		};
		4BB335841CA03DA4008EC0DC /* Products */ = {
			isa = PBXGroup;
			children = (
				4BB335831CA03DA4008EC0DC /* GameNew.app */,
			);
			name = Products;
			sourceTree = "<group>";
		};
		4BB335851CA03DA4008EC0DC /* GameNew */ = {
			isa = PBXGroup;
			children = (
				4BB335891CA03DA4008EC0DC /* AppDelegate.h */,
				4BB3358A1CA03DA4008EC0DC /* AppDelegate.m */,
				4BB3359D1CA03DD6008EC0DC /* MenuViewController.h */,
				4BB3359E1CA03DD6008EC0DC /* MenuViewController.m */,
				4BB335A01CA03E60008EC0DC /* GameViewController.h */,
				4BB335A11CA03E60008EC0DC /* GameViewController.m */,
				4BB3358F1CA03DA4008EC0DC /* Main.storyboard */,
				4BB335921CA03DA4008EC0DC /* Assets.xcassets */,
				4BB335941CA03DA4008EC0DC /* LaunchScreen.storyboard */,
				4BB335971CA03DA4008EC0DC /* Info.plist */,
				4BB335861CA03DA4008EC0DC /* Supporting Files */,
			);
			path = GameNew;
			sourceTree = "<group>";
		};
		4BB335861CA03DA4008EC0DC /* Supporting Files */ = {
			isa = PBXGroup;
			children = (
				4BB335871CA03DA4008EC0DC /* main.m */,
			);
			name = "Supporting Files";
			sourceTree = "<group>";
		};
/* End PBXGroup section */

/* Begin PBXNativeTarget section */
		4BB335821CA03DA4008EC0DC /* GameNew */ = {
			isa = PBXNativeTarget;
			buildConfigurationList = 4BB3359A1CA03DA4008EC0DC /* Build configuration list for PBXNativeTarget "GameNew" */;
			buildPhases = (
				4BB3357F1CA03DA4008EC0DC /* Sources */,
				4BB335801CA03DA4008EC0DC /* Frameworks */,
				4BB335811CA03DA4008EC0DC /* Resources */,
			);
			buildRules = (
			);
			dependencies = (
			);
			name = GameNew;
			productName = GameNew;
			productReference = 4BB335831CA03DA4008EC0DC /* GameNew.app */;
			productType = "com.apple.product-type.application";
		};
/* End PBXNativeTarget section */

/* Begin PBXProject section */
		4BB3357B1CA03DA4008EC0DC /* Project object */ = {
			isa = PBXProject;
			attributes = {
				LastUpgradeCheck = 0710;
				ORGANIZATIONNAME = "Dima Bogonos";
				TargetAttributes = {
					4BB335821CA03DA4008EC0DC = {
						CreatedOnToolsVersion = 7.1.1;
					};
				};
			};
			buildConfigurationList = 4BB3357E1CA03DA4008EC0DC /* Build configuration list for PBXProject "GameNew" */;
			compatibilityVersion = "Xcode 3.2";
			developmentRegion = English;
			hasScannedForEncodings = 0;
			knownRegions = (
				en,
				Base,
			);
			mainGroup = 4BB3357A1CA03DA4008EC0DC;
			productRefGroup = 4BB335841CA03DA4008EC0DC /* Products */;
			projectDirPath = "";
			projectRoot = "";
			targets = (
				4BB335821CA03DA4008EC0DC /* GameNew */,
			);
		};
/* End PBXProject section */

/* Begin PBXResourcesBuildPhase section */
		4BB335811CA03DA4008EC0DC /* Resources */ = {
			isa = PBXResourcesBuildPhase;
			buildActionMask = 2147483647;
			files = (
				4BB335961CA03DA4008EC0DC /* LaunchScreen.storyboard in Resources */,
				4BB335931CA03DA4008EC0DC /* Assets.xcassets in Resources */,
				4BB335911CA03DA4008EC0DC /* Main.storyboard in Resources */,
			);
			runOnlyForDeploymentPostprocessing = 0;
		};
/* End PBXResourcesBuildPhase section */

/* Begin PBXSourcesBuildPhase section */
		4BB3357F1CA03DA4008EC0DC /* Sources */ = {
			isa = PBXSourcesBuildPhase;
			buildActionMask = 2147483647;
			files = (
				4BB335A21CA03E60008EC0DC /* GameViewController.m in Sources */,
				4BB3358B1CA03DA4008EC0DC /* AppDelegate.m in Sources */,
				4BB3359F1CA03DD6008EC0DC /* MenuViewController.m in Sources */,
				4BB335881CA03DA4008EC0DC /* main.m in Sources */,
			);
			runOnlyForDeploymentPostprocessing = 0;
		};
/* End PBXSourcesBuildPhase section */

/* Begin PBXVariantGroup section */
		4BB3358F1CA03DA4008EC0DC /* Main.storyboard */ = {
			isa = PBXVariantGroup;
			children = (
				4BB335901CA03DA4008EC0DC /* Base */,
			);
			name = Main.storyboard;
			sourceTree = "<group>";
		};
		4BB335941CA03DA4008EC0DC /* LaunchScreen.storyboard */ = {
			isa = PBXVariantGroup;
			children = (
				4BB335951CA03DA4008EC0DC /* Base */,
			);
			name = LaunchScreen.storyboard;
			sourceTree = "<group>";
		};
/* End PBXVariantGroup section */

/* Begin XCBuildConfiguration section */
		4BB335981CA03DA4008EC0DC /* Debug */ = {
			isa = XCBuildConfiguration;
			buildSettings = {
				ALWAYS_SEARCH_USER_PATHS = NO;
				CLANG_CXX_LANGUAGE_STANDARD = "gnu++0x";
				CLANG_CXX_LIBRARY = "libc++";
				CLANG_ENABLE_MODULES = YES;
				CLANG_ENABLE_OBJC_ARC = YES;
				CLANG_WARN_BOOL_CONVERSION = YES;
				CLANG_WARN_CONSTANT_CONVERSION = YES;
				CLANG_WARN_DIRECT_OBJC_ISA_USAGE = YES_ERROR;
				CLANG_WARN_EMPTY_BODY = YES;
				CLANG_WARN_ENUM_CONVERSION = YES;
				CLANG_WARN_INT_CONVERSION = YES;
				CLANG_WARN_OBJC_ROOT_CLASS = YES_ERROR;
				CLANG_WARN_UNREACHABLE_CODE = YES;
				CLANG_WARN__DUPLICATE_METHOD_MATCH = YES;
				"CODE_SIGN_IDENTITY[sdk=iphoneos*]" = "iPhone Developer";
				COPY_PHASE_STRIP = NO;
				DEBUG_INFORMATION_FORMAT = dwarf;
				ENABLE_STRICT_OBJC_MSGSEND = YES;
				ENABLE_TESTABILITY = YES;
				GCC_C_LANGUAGE_STANDARD = gnu99;
				GCC_DYNAMIC_NO_PIC = NO;
				GCC_NO_COMMON_BLOCKS = YES;
				GCC_OPTIMIZATION_LEVEL = 0;
				GCC_PREPROCESSOR_DEFINITIONS = (
					"DEBUG=1",
					"$(inherited)",
				);
				GCC_WARN_64_TO_32_BIT_CONVERSION = YES;
				GCC_WARN_ABOUT_RETURN_TYPE = YES_ERROR;
				GCC_WARN_UNDECLARED_SELECTOR = YES;
				GCC_WARN_UNINITIALIZED_AUTOS = YES_AGGRESSIVE;
				GCC_WARN_UNUSED_FUNCTION = YES;
				GCC_WARN_UNUSED_VARIABLE = YES;
				IPHONEOS_DEPLOYMENT_TARGET = 9.1;
				MTL_ENABLE_DEBUG_INFO = YES;
				ONLY_ACTIVE_ARCH = YES;
				SDKROOT = iphoneos;
			};
			name = Debug;
		};
		4BB335991CA03DA4008EC0DC /* Release */ = {
			isa = XCBuildConfiguration;
			buildSettings = {
				ALWAYS_SEARCH_USER_PATHS = NO;
				CLANG_CXX_LANGUAGE_STANDARD = "gnu++0x";
				CLANG_CXX_LIBRARY = "libc++";
				CLANG_ENABLE_MODULES = YES;
				CLANG_ENABLE_OBJC_ARC = YES;
				CLANG_WARN_BOOL_CONVERSION = YES;
				CLANG_WARN_CONSTANT_CONVERSION = YES;
				CLANG_WARN_DIRECT_OBJC_ISA_USAGE = YES_ERROR;
				CLANG_WARN_EMPTY_BODY = YES;
				CLANG_WARN_ENUM_CONVERSION = YES;
				CLANG_WARN_INT_CONVERSION = YES;
				CLANG_WARN_OBJC_ROOT_CLASS = YES_ERROR;
				CLANG_WARN_UNREACHABLE_CODE = YES;
				CLANG_WARN__DUPLICATE_METHOD_MATCH = YES;
				"CODE_SIGN_IDENTITY[sdk=iphoneos*]" = "iPhone Developer";
				COPY_PHASE_STRIP = NO;
				DEBUG_INFORMATION_FORMAT = "dwarf-with-dsym";
				ENABLE_NS_ASSERTIONS = NO;
				ENABLE_STRICT_OBJC_MSGSEND = YES;
				GCC_C_LANGUAGE_STANDARD = gnu99;
				GCC_NO_COMMON_BLOCKS = YES;
				GCC_WARN_64_TO_32_BIT_CONVERSION = YES;
				GCC_WARN_ABOUT_RETURN_TYPE = YES_ERROR;
				GCC_WARN_UNDECLARED_SELECTOR = YES;
				GCC_WARN_UNINITIALIZED_AUTOS = YES_AGGRESSIVE;
				GCC_WARN_UNUSED_FUNCTION = YES;
				GCC_WARN_UNUSED_VARIABLE = YES;
				IPHONEOS_DEPLOYMENT_TARGET = 9.1;
				MTL_ENABLE_DEBUG_INFO = NO;
				SDKROOT = iphoneos;
				VALIDATE_PRODUCT = YES;
			};
			name = Release;
		};
		4BB3359B1CA03DA4008EC0DC /* Debug */ = {
			isa = XCBuildConfiguration;
			buildSettings = {
				ASSETCATALOG_COMPILER_APPICON_NAME = AppIcon;
				INFOPLIST_FILE = GameNew/Info.plist;
				LD_RUNPATH_SEARCH_PATHS = "$(inherited) @executable_path/Frameworks";
				PRODUCT_BUNDLE_IDENTIFIER = DimaBogonos.GameNew;
				PRODUCT_NAME = "$(TARGET_NAME)";
			};
			name = Debug;
		};
		4BB3359C1CA03DA4008EC0DC /* Release */ = {
			isa = XCBuildConfiguration;
			buildSettings = {
				ASSETCATALOG_COMPILER_APPICON_NAME = AppIcon;
				INFOPLIST_FILE = GameNew/Info.plist;
				LD_RUNPATH_SEARCH_PATHS = "$(inherited) @executable_path/Frameworks";
				PRODUCT_BUNDLE_IDENTIFIER = DimaBogonos.GameNew;
				PRODUCT_NAME = "$(TARGET_NAME)";
			};
			name = Release;
		};
/* End XCBuildConfiguration section */

/* Begin XCConfigurationList section */
		4BB3357E1CA03DA4008EC0DC /* Build configuration list for PBXProject "GameNew" */ = {
			isa = XCConfigurationList;
			buildConfigurations = (
				4BB335981CA03DA4008EC0DC /* Debug */,
				4BB335991CA03DA4008EC0DC /* Release */,
			);
			defaultConfigurationIsVisible = 0;
			defaultConfigurationName = Release;
		};
		4BB3359A1CA03DA4008EC0DC /* Build configuration list for PBXNativeTarget "GameNew" */ = {
			isa = XCConfigurationList;
			buildConfigurations = (
				4BB3359B1CA03DA4008EC0DC /* Debug */,
				4BB3359C1CA03DA4008EC0DC /* Release */,
			);
			defaultConfigurationIsVisible = 0;
			defaultConfigurationName = Release;
		};
/* End XCConfigurationList section */
	};
	rootObject = 4BB3357B1CA03DA4008EC0DC /* Project object */;
}
